
Microsoft Visual Studio Solution File, Format Version 12.00
# Visual Studio 15
VisualStudioVersion = 15.0.28307.1267
MinimumVisualStudioVersion = 10.0.40219.1
Project("{FAE04EC0-301F-11D3-BF4B-00C04F79EFBC}") = "EnPlus1stTask", "EnPlus1stTask\EnPlus1stTask.csproj", "{75F20562-80AD-498E-9A43-06F2F3A96542}"
EndProject
Global
	GlobalSection(SolutionConfigurationPlatforms) = preSolution
		Debug|Any CPU = Debug|Any CPU
		Release|Any CPU = Release|Any CPU
	EndGlobalSection
	GlobalSection(ProjectConfigurationPlatforms) = postSolution
		{75F20562-80AD-498E-9A43-06F2F3A96542}.Debug|Any CPU.ActiveCfg = Debug|Any CPU
		{75F20562-80AD-498E-9A43-06F2F3A96542}.Debug|Any CPU.Build.0 = Debug|Any CPU
		{75F20562-80AD-498E-9A43-06F2F3A96542}.Release|Any CPU.ActiveCfg = Release|Any CPU
		{75F20562-80AD-498E-9A43-06F2F3A96542}.Release|Any CPU.Build.0 = Release|Any CPU
	EndGlobalSection
	GlobalSection(SolutionProperties) = preSolution
		HideSolutionNode = FALSE
	EndGlobalSection
	GlobalSection(ExtensibilityGlobals) = postSolution
		SolutionGuid = {5CA0F35E-73F2-4A3A-A44A-F702A391A59F}
	EndGlobalSection
EndGlobal
